{
    "version": 3,
    "terraform_version": "0.11.7",
    "serial": 1,
    "lineage": "3d088461-aa2c-44ec-4080-7b2733b73b62",
    "modules": [
        {
            "path": [
                "root"
            ],
            "outputs": {},
            "resources": {
                "aws_vpc.spacedRepetition": {
                    "type": "aws_vpc",
                    "depends_on": [],
                    "primary": {
                        "id": "vpc-95dbf7ee",
                        "attributes": {
                            "assign_generated_ipv6_cidr_block": "false",
                            "cidr_block": "10.0.0.0/16",
                            "default_network_acl_id": "acl-3e6fed44",
                            "default_route_table_id": "rtb-a48f9ed8",
                            "default_security_group_id": "sg-c1cb6f89",
                            "dhcp_options_id": "dopt-c3cc4ea7",
                            "enable_classiclink": "false",
                            "enable_classiclink_dns_support": "false",
                            "enable_dns_hostnames": "true",
                            "enable_dns_support": "true",
                            "id": "vpc-95dbf7ee",
                            "instance_tenancy": "default",
                            "main_route_table_id": "rtb-a48f9ed8",
                            "tags.%": "1",
                            "tags.Name": "Spaced Repetition"
                        },
                        "meta": {
                            "schema_version": "1"
                        },
                        "tainted": false
                    },
                    "deposed": [],
                    "provider": "provider.aws"
                }
            },
            "depends_on": []
        }
    ]
}
