{
    "version": 3,
    "terraform_version": "0.11.7",
    "serial": 16,
    "lineage": "3d088461-aa2c-44ec-4080-7b2733b73b62",
    "modules": [
        {
            "path": [
                "root"
            ],
            "outputs": {
                "ecr-mysql": {
                    "sensitive": false,
                    "type": "string",
                    "value": "845335212729.dkr.ecr.us-east-1.amazonaws.com/spaced-repetition-mysql"
                },
                "ecr-spring-boot": {
                    "sensitive": false,
                    "type": "string",
                    "value": "845335212729.dkr.ecr.us-east-1.amazonaws.com/spaced-repetition-spring-boot"
                }
            },
            "resources": {
                "aws_ecr_repository.spacedRepetitionECR": {
                    "type": "aws_ecr_repository",
                    "depends_on": [],
                    "primary": {
                        "id": "spaced-repetition-spring-boot",
                        "attributes": {
                            "arn": "arn:aws:ecr:us-east-1:845335212729:repository/spaced-repetition-spring-boot",
                            "id": "spaced-repetition-spring-boot",
                            "name": "spaced-repetition-spring-boot",
                            "registry_id": "845335212729",
                            "repository_url": "845335212729.dkr.ecr.us-east-1.amazonaws.com/spaced-repetition-spring-boot"
                        },
                        "meta": {},
                        "tainted": false
                    },
                    "deposed": [],
                    "provider": "provider.aws"
                },
                "aws_ecr_repository.spacedRepetitionMysqlECR": {
                    "type": "aws_ecr_repository",
                    "depends_on": [],
                    "primary": {
                        "id": "spaced-repetition-mysql",
                        "attributes": {
                            "arn": "arn:aws:ecr:us-east-1:845335212729:repository/spaced-repetition-mysql",
                            "id": "spaced-repetition-mysql",
                            "name": "spaced-repetition-mysql",
                            "registry_id": "845335212729",
                            "repository_url": "845335212729.dkr.ecr.us-east-1.amazonaws.com/spaced-repetition-mysql"
                        },
                        "meta": {},
                        "tainted": false
                    },
                    "deposed": [],
                    "provider": "provider.aws"
                },
                "aws_ecs_cluster.spacedRepetitionECSCluster": {
                    "type": "aws_ecs_cluster",
                    "depends_on": [],
                    "primary": {
                        "id": "arn:aws:ecs:us-east-1:845335212729:cluster/SpacedRepetition",
                        "attributes": {
                            "arn": "arn:aws:ecs:us-east-1:845335212729:cluster/SpacedRepetition",
                            "id": "arn:aws:ecs:us-east-1:845335212729:cluster/SpacedRepetition",
                            "name": "SpacedRepetition"
                        },
                        "meta": {},
                        "tainted": false
                    },
                    "deposed": [],
                    "provider": "provider.aws"
                },
                "aws_ecs_task_definition.spacedRepetitionTaskDefinition": {
                    "type": "aws_ecs_task_definition",
                    "depends_on": [
                        "data.template_file.containers"
                    ],
                    "primary": {
                        "id": "SpacedRepetition",
                        "attributes": {
                            "arn": "arn:aws:ecs:us-east-1:845335212729:task-definition/SpacedRepetition:10",
                            "container_definitions": "[{\"cpu\":512,\"environment\":[],\"essential\":true,\"image\":\"845335212729.dkr.ecr.us-east-1.amazonaws.com/spaced-repetition-spring-boot\",\"memory\":1024,\"mountPoints\":[],\"name\":\"spaced-repetition-spring-boot\",\"portMappings\":[{\"containerPort\":8080,\"hostPort\":0,\"protocol\":\"tcp\"}],\"volumesFrom\":[]},{\"cpu\":512,\"environment\":[],\"essential\":true,\"image\":\"845335212729.dkr.ecr.us-east-1.amazonaws.com/spaced-repetition-mysql\",\"memory\":1024,\"mountPoints\":[],\"name\":\"spaced-repetition-mysql\",\"portMappings\":[{\"containerPort\":3306,\"hostPort\":0,\"protocol\":\"tcp\"}],\"volumesFrom\":[]}]",
                            "cpu": "",
                            "execution_role_arn": "",
                            "family": "SpacedRepetition",
                            "id": "SpacedRepetition",
                            "memory": "",
                            "network_mode": "",
                            "placement_constraints.#": "0",
                            "requires_compatibilities.#": "0",
                            "revision": "10",
                            "task_role_arn": "",
                            "volume.#": "0"
                        },
                        "meta": {
                            "schema_version": "1"
                        },
                        "tainted": false
                    },
                    "deposed": [],
                    "provider": "provider.aws"
                },
                "aws_vpc.spacedRepetition": {
                    "type": "aws_vpc",
                    "depends_on": [],
                    "primary": {
                        "id": "vpc-95dbf7ee",
                        "attributes": {
                            "assign_generated_ipv6_cidr_block": "false",
                            "cidr_block": "10.0.0.0/16",
                            "default_network_acl_id": "acl-3e6fed44",
                            "default_route_table_id": "rtb-a48f9ed8",
                            "default_security_group_id": "sg-c1cb6f89",
                            "dhcp_options_id": "dopt-c3cc4ea7",
                            "enable_classiclink": "false",
                            "enable_classiclink_dns_support": "false",
                            "enable_dns_hostnames": "true",
                            "enable_dns_support": "true",
                            "id": "vpc-95dbf7ee",
                            "instance_tenancy": "default",
                            "main_route_table_id": "rtb-a48f9ed8",
                            "tags.%": "1",
                            "tags.Name": "Spaced Repetition"
                        },
                        "meta": {
                            "schema_version": "1"
                        },
                        "tainted": false
                    },
                    "deposed": [],
                    "provider": "provider.aws"
                },
                "data.template_file.containers": {
                    "type": "template_file",
                    "depends_on": [
                        "aws_ecr_repository.spacedRepetitionECR",
                        "aws_ecr_repository.spacedRepetitionMysqlECR"
                    ],
                    "primary": {
                        "id": "43af666e8f36ce2f894accbcb1963965e86f108280d257e2c71a0a69b1f0cf9f",
                        "attributes": {
                            "id": "43af666e8f36ce2f894accbcb1963965e86f108280d257e2c71a0a69b1f0cf9f",
                            "rendered": "[\n  {\n    \"name\": \"spaced-repetition-spring-boot\",\n    \"image\": \"845335212729.dkr.ecr.us-east-1.amazonaws.com/spaced-repetition-spring-boot\",\n    \"cpu\" : 512,\n    \"memory\" : 1024,\n    \"essential\": true,\n    \"networkMode\": \"awsvpc\",\n    \"requires_compatibilities\": [\"FARGATE\"],\n    \"portMappings\": [\n      {\n        \"containerPort\": 8080\n      }\n    ]\n  },\n  {\n    \"name\": \"spaced-repetition-mysql\",\n    \"image\": \"845335212729.dkr.ecr.us-east-1.amazonaws.com/spaced-repetition-mysql\",\n    \"cpu\" : 512,\n    \"memory\" : 1024,\n    \"essential\": true,\n    \"networkMode\": \"awsvpc\",\n    \"requires_compatibilities\": [\"FARGATE\"],\n    \"portMappings\": [\n      {\n        \"containerPort\": 3306\n      }\n    ]\n  }\n]\n",
                            "template": "[\n  {\n    \"name\": \"spaced-repetition-spring-boot\",\n    \"image\": \"${springBootECR}\",\n    \"cpu\" : 512,\n    \"memory\" : 1024,\n    \"essential\": true,\n    \"networkMode\": \"awsvpc\",\n    \"requires_compatibilities\": [\"FARGATE\"],\n    \"portMappings\": [\n      {\n        \"containerPort\": 8080\n      }\n    ]\n  },\n  {\n    \"name\": \"spaced-repetition-mysql\",\n    \"image\": \"${springBootMysqlECR}\",\n    \"cpu\" : 512,\n    \"memory\" : 1024,\n    \"essential\": true,\n    \"networkMode\": \"awsvpc\",\n    \"requires_compatibilities\": [\"FARGATE\"],\n    \"portMappings\": [\n      {\n        \"containerPort\": 3306\n      }\n    ]\n  }\n]\n",
                            "vars.%": "2",
                            "vars.springBootECR": "845335212729.dkr.ecr.us-east-1.amazonaws.com/spaced-repetition-spring-boot",
                            "vars.springBootMysqlECR": "845335212729.dkr.ecr.us-east-1.amazonaws.com/spaced-repetition-mysql"
                        },
                        "meta": {},
                        "tainted": false
                    },
                    "deposed": [],
                    "provider": "provider.template"
                }
            },
            "depends_on": []
        }
    ]
}
