{
    "version": 3,
    "terraform_version": "0.11.7",
    "serial": 21,
    "lineage": "3d088461-aa2c-44ec-4080-7b2733b73b62",
    "modules": [
        {
            "path": [
                "root"
            ],
            "outputs": {
                "ecr-mysql": {
                    "sensitive": false,
                    "type": "string",
                    "value": "845335212729.dkr.ecr.us-east-1.amazonaws.com/spaced-repetition-mysql"
                },
                "ecr-spring-boot": {
                    "sensitive": false,
                    "type": "string",
                    "value": "845335212729.dkr.ecr.us-east-1.amazonaws.com/spaced-repetition-spring-boot"
                }
            },
            "resources": {
                "aws_ecr_repository.spacedRepetitionECR": {
                    "type": "aws_ecr_repository",
                    "depends_on": [],
                    "primary": {
                        "id": "spaced-repetition-spring-boot",
                        "attributes": {
                            "arn": "arn:aws:ecr:us-east-1:845335212729:repository/spaced-repetition-spring-boot",
                            "id": "spaced-repetition-spring-boot",
                            "name": "spaced-repetition-spring-boot",
                            "registry_id": "845335212729",
                            "repository_url": "845335212729.dkr.ecr.us-east-1.amazonaws.com/spaced-repetition-spring-boot"
                        },
                        "meta": {},
                        "tainted": false
                    },
                    "deposed": [],
                    "provider": "provider.aws"
                },
                "aws_ecr_repository.spacedRepetitionMysqlECR": {
                    "type": "aws_ecr_repository",
                    "depends_on": [],
                    "primary": {
                        "id": "spaced-repetition-mysql",
                        "attributes": {
                            "arn": "arn:aws:ecr:us-east-1:845335212729:repository/spaced-repetition-mysql",
                            "id": "spaced-repetition-mysql",
                            "name": "spaced-repetition-mysql",
                            "registry_id": "845335212729",
                            "repository_url": "845335212729.dkr.ecr.us-east-1.amazonaws.com/spaced-repetition-mysql"
                        },
                        "meta": {},
                        "tainted": false
                    },
                    "deposed": [],
                    "provider": "provider.aws"
                },
                "aws_ecs_cluster.spacedRepetitionECSCluster": {
                    "type": "aws_ecs_cluster",
                    "depends_on": [],
                    "primary": {
                        "id": "arn:aws:ecs:us-east-1:845335212729:cluster/SpacedRepetition",
                        "attributes": {
                            "arn": "arn:aws:ecs:us-east-1:845335212729:cluster/SpacedRepetition",
                            "id": "arn:aws:ecs:us-east-1:845335212729:cluster/SpacedRepetition",
                            "name": "SpacedRepetition"
                        },
                        "meta": {},
                        "tainted": false
                    },
                    "deposed": [],
                    "provider": "provider.aws"
                },
                "aws_ecs_service.spacedRepetitionService": {
                    "type": "aws_ecs_service",
                    "depends_on": [
                        "aws_ecs_cluster.spacedRepetitionECSCluster",
                        "aws_ecs_task_definition.spacedRepetitionTaskDefinition"
                    ],
                    "primary": {
                        "id": "arn:aws:ecs:us-east-1:845335212729:service/website",
                        "attributes": {
                            "cluster": "arn:aws:ecs:us-east-1:845335212729:cluster/SpacedRepetition",
                            "deployment_maximum_percent": "200",
                            "deployment_minimum_healthy_percent": "100",
                            "desired_count": "1",
                            "health_check_grace_period_seconds": "0",
                            "id": "arn:aws:ecs:us-east-1:845335212729:service/website",
                            "launch_type": "EC2",
                            "load_balancer.#": "0",
                            "name": "website",
                            "network_configuration.#": "0",
                            "ordered_placement_strategy.#": "0",
                            "placement_constraints.#": "0",
                            "service_registries.#": "0",
                            "task_definition": "arn:aws:ecs:us-east-1:845335212729:task-definition/SpacedRepetition:10"
                        },
                        "meta": {},
                        "tainted": false
                    },
                    "deposed": [],
                    "provider": "provider.aws"
                },
                "aws_ecs_task_definition.spacedRepetitionTaskDefinition": {
                    "type": "aws_ecs_task_definition",
                    "depends_on": [
                        "data.template_file.containers"
                    ],
                    "primary": {
                        "id": "SpacedRepetition",
                        "attributes": {
                            "arn": "arn:aws:ecs:us-east-1:845335212729:task-definition/SpacedRepetition:10",
                            "container_definitions": "[{\"cpu\":512,\"environment\":[],\"essential\":true,\"image\":\"845335212729.dkr.ecr.us-east-1.amazonaws.com/spaced-repetition-spring-boot\",\"memory\":1024,\"mountPoints\":[],\"name\":\"spaced-repetition-spring-boot\",\"portMappings\":[{\"containerPort\":8080,\"hostPort\":0,\"protocol\":\"tcp\"}],\"volumesFrom\":[]},{\"cpu\":512,\"environment\":[],\"essential\":true,\"image\":\"845335212729.dkr.ecr.us-east-1.amazonaws.com/spaced-repetition-mysql\",\"memory\":1024,\"mountPoints\":[],\"name\":\"spaced-repetition-mysql\",\"portMappings\":[{\"containerPort\":3306,\"hostPort\":0,\"protocol\":\"tcp\"}],\"volumesFrom\":[]}]",
                            "cpu": "",
                            "execution_role_arn": "",
                            "family": "SpacedRepetition",
                            "id": "SpacedRepetition",
                            "memory": "",
                            "network_mode": "",
                            "placement_constraints.#": "0",
                            "requires_compatibilities.#": "0",
                            "revision": "10",
                            "task_role_arn": "",
                            "volume.#": "0"
                        },
                        "meta": {
                            "schema_version": "1"
                        },
                        "tainted": false
                    },
                    "deposed": [],
                    "provider": "provider.aws"
                },
                "aws_security_group.spacedRepetitionPublic": {
                    "type": "aws_security_group",
                    "depends_on": [
                        "aws_vpc.spacedRepetition"
                    ],
                    "primary": {
                        "id": "sg-4afa5702",
                        "attributes": {
                            "arn": "arn:aws:ec2:us-east-1:845335212729:security-group/sg-4afa5702",
                            "description": "Allow inbound traffic",
                            "egress.#": "1",
                            "egress.482069346.cidr_blocks.#": "1",
                            "egress.482069346.cidr_blocks.0": "0.0.0.0/0",
                            "egress.482069346.description": "",
                            "egress.482069346.from_port": "0",
                            "egress.482069346.ipv6_cidr_blocks.#": "0",
                            "egress.482069346.prefix_list_ids.#": "0",
                            "egress.482069346.protocol": "-1",
                            "egress.482069346.security_groups.#": "0",
                            "egress.482069346.self": "false",
                            "egress.482069346.to_port": "0",
                            "id": "sg-4afa5702",
                            "ingress.#": "1",
                            "ingress.482069346.cidr_blocks.#": "1",
                            "ingress.482069346.cidr_blocks.0": "0.0.0.0/0",
                            "ingress.482069346.description": "",
                            "ingress.482069346.from_port": "0",
                            "ingress.482069346.ipv6_cidr_blocks.#": "0",
                            "ingress.482069346.protocol": "-1",
                            "ingress.482069346.security_groups.#": "0",
                            "ingress.482069346.self": "false",
                            "ingress.482069346.to_port": "0",
                            "name": "Public",
                            "owner_id": "845335212729",
                            "revoke_rules_on_delete": "false",
                            "tags.%": "0",
                            "vpc_id": "vpc-95dbf7ee"
                        },
                        "meta": {
                            "e2bfb730-ecaa-11e6-8f88-34363bc7c4c0": {
                                "create": 600000000000,
                                "delete": 600000000000
                            },
                            "schema_version": "1"
                        },
                        "tainted": false
                    },
                    "deposed": [],
                    "provider": "provider.aws"
                },
                "aws_subnet.spacedRepetitionSubnet": {
                    "type": "aws_subnet",
                    "depends_on": [
                        "aws_vpc.spacedRepetition"
                    ],
                    "primary": {
                        "id": "subnet-3e0ff010",
                        "attributes": {
                            "assign_ipv6_address_on_creation": "false",
                            "availability_zone": "us-east-1a",
                            "cidr_block": "10.0.1.0/24",
                            "id": "subnet-3e0ff010",
                            "map_public_ip_on_launch": "false",
                            "tags.%": "1",
                            "tags.Name": "Public Subnet",
                            "vpc_id": "vpc-95dbf7ee"
                        },
                        "meta": {
                            "schema_version": "1"
                        },
                        "tainted": false
                    },
                    "deposed": [],
                    "provider": "provider.aws"
                },
                "aws_vpc.spacedRepetition": {
                    "type": "aws_vpc",
                    "depends_on": [],
                    "primary": {
                        "id": "vpc-95dbf7ee",
                        "attributes": {
                            "assign_generated_ipv6_cidr_block": "false",
                            "cidr_block": "10.0.0.0/16",
                            "default_network_acl_id": "acl-3e6fed44",
                            "default_route_table_id": "rtb-a48f9ed8",
                            "default_security_group_id": "sg-c1cb6f89",
                            "dhcp_options_id": "dopt-c3cc4ea7",
                            "enable_classiclink": "false",
                            "enable_classiclink_dns_support": "false",
                            "enable_dns_hostnames": "true",
                            "enable_dns_support": "true",
                            "id": "vpc-95dbf7ee",
                            "instance_tenancy": "default",
                            "main_route_table_id": "rtb-a48f9ed8",
                            "tags.%": "1",
                            "tags.Name": "Spaced Repetition"
                        },
                        "meta": {
                            "schema_version": "1"
                        },
                        "tainted": false
                    },
                    "deposed": [],
                    "provider": "provider.aws"
                },
                "data.template_file.containers": {
                    "type": "template_file",
                    "depends_on": [
                        "aws_ecr_repository.spacedRepetitionECR",
                        "aws_ecr_repository.spacedRepetitionMysqlECR"
                    ],
                    "primary": {
                        "id": "43af666e8f36ce2f894accbcb1963965e86f108280d257e2c71a0a69b1f0cf9f",
                        "attributes": {
                            "id": "43af666e8f36ce2f894accbcb1963965e86f108280d257e2c71a0a69b1f0cf9f",
                            "rendered": "[\n  {\n    \"name\": \"spaced-repetition-spring-boot\",\n    \"image\": \"845335212729.dkr.ecr.us-east-1.amazonaws.com/spaced-repetition-spring-boot\",\n    \"cpu\" : 512,\n    \"memory\" : 1024,\n    \"essential\": true,\n    \"networkMode\": \"awsvpc\",\n    \"requires_compatibilities\": [\"FARGATE\"],\n    \"portMappings\": [\n      {\n        \"containerPort\": 8080\n      }\n    ]\n  },\n  {\n    \"name\": \"spaced-repetition-mysql\",\n    \"image\": \"845335212729.dkr.ecr.us-east-1.amazonaws.com/spaced-repetition-mysql\",\n    \"cpu\" : 512,\n    \"memory\" : 1024,\n    \"essential\": true,\n    \"networkMode\": \"awsvpc\",\n    \"requires_compatibilities\": [\"FARGATE\"],\n    \"portMappings\": [\n      {\n        \"containerPort\": 3306\n      }\n    ]\n  }\n]\n",
                            "template": "[\n  {\n    \"name\": \"spaced-repetition-spring-boot\",\n    \"image\": \"${springBootECR}\",\n    \"cpu\" : 512,\n    \"memory\" : 1024,\n    \"essential\": true,\n    \"networkMode\": \"awsvpc\",\n    \"requires_compatibilities\": [\"FARGATE\"],\n    \"portMappings\": [\n      {\n        \"containerPort\": 8080\n      }\n    ]\n  },\n  {\n    \"name\": \"spaced-repetition-mysql\",\n    \"image\": \"${springBootMysqlECR}\",\n    \"cpu\" : 512,\n    \"memory\" : 1024,\n    \"essential\": true,\n    \"networkMode\": \"awsvpc\",\n    \"requires_compatibilities\": [\"FARGATE\"],\n    \"portMappings\": [\n      {\n        \"containerPort\": 3306\n      }\n    ]\n  }\n]\n",
                            "vars.%": "2",
                            "vars.springBootECR": "845335212729.dkr.ecr.us-east-1.amazonaws.com/spaced-repetition-spring-boot",
                            "vars.springBootMysqlECR": "845335212729.dkr.ecr.us-east-1.amazonaws.com/spaced-repetition-mysql"
                        },
                        "meta": {},
                        "tainted": false
                    },
                    "deposed": [],
                    "provider": "provider.template"
                }
            },
            "depends_on": []
        }
    ]
}
