{
    "version": 3,
    "terraform_version": "0.11.7",
    "serial": 130,
    "lineage": "3d088461-aa2c-44ec-4080-7b2733b73b62",
    "modules": [
        {
            "path": [
                "root"
            ],
            "outputs": {
                "ecr-mysql": {
                    "sensitive": false,
                    "type": "string",
                    "value": "845335212729.dkr.ecr.us-east-1.amazonaws.com/spaced-repetition-mysql"
                },
                "ecr-spring-boot": {
                    "sensitive": false,
                    "type": "string",
                    "value": "845335212729.dkr.ecr.us-east-1.amazonaws.com/spaced-repetition-spring-boot"
                }
            },
            "resources": {
                "aws_acm_certificate.appCert": {
                    "type": "aws_acm_certificate",
                    "depends_on": [],
                    "primary": {
                        "id": "arn:aws:acm:us-east-1:845335212729:certificate/035bb39e-ef95-466a-b53e-b45a8d1796e6",
                        "attributes": {
                            "arn": "arn:aws:acm:us-east-1:845335212729:certificate/035bb39e-ef95-466a-b53e-b45a8d1796e6",
                            "domain_name": "spaced-repetition.raidrin.com",
                            "domain_validation_options.#": "1",
                            "domain_validation_options.0.domain_name": "spaced-repetition.raidrin.com",
                            "domain_validation_options.0.resource_record_name": "_b0a408a4459170ab3e722373d6b2c5e2.spaced-repetition.raidrin.com.",
                            "domain_validation_options.0.resource_record_type": "CNAME",
                            "domain_validation_options.0.resource_record_value": "_137f85463b397b9485618d08c81da4d9.acm-validations.aws.",
                            "id": "arn:aws:acm:us-east-1:845335212729:certificate/035bb39e-ef95-466a-b53e-b45a8d1796e6",
                            "subject_alternative_names.#": "0",
                            "tags.%": "1",
                            "tags.Environment": "production",
                            "validation_emails.#": "0",
                            "validation_method": "DNS"
                        },
                        "meta": {},
                        "tainted": false
                    },
                    "deposed": [],
                    "provider": "provider.aws"
                },
                "aws_acm_certificate_validation.certificateValidation": {
                    "type": "aws_acm_certificate_validation",
                    "depends_on": [
                        "aws_acm_certificate.appCert",
                        "aws_route53_record.certificateRoute53Validation"
                    ],
                    "primary": {
                        "id": "2018-05-24 21:24:23 +0000 UTC",
                        "attributes": {
                            "certificate_arn": "arn:aws:acm:us-east-1:845335212729:certificate/035bb39e-ef95-466a-b53e-b45a8d1796e6",
                            "id": "2018-05-24 21:24:23 +0000 UTC",
                            "validation_record_fqdns.#": "1",
                            "validation_record_fqdns.136257121": "_b0a408a4459170ab3e722373d6b2c5e2.spaced-repetition.raidrin.com"
                        },
                        "meta": {
                            "e2bfb730-ecaa-11e6-8f88-34363bc7c4c0": {
                                "create": 2700000000000
                            }
                        },
                        "tainted": false
                    },
                    "deposed": [],
                    "provider": "provider.aws"
                },
                "aws_ecr_repository.mysqlECR": {
                    "type": "aws_ecr_repository",
                    "depends_on": [],
                    "primary": {
                        "id": "spaced-repetition-mysql",
                        "attributes": {
                            "arn": "arn:aws:ecr:us-east-1:845335212729:repository/spaced-repetition-mysql",
                            "id": "spaced-repetition-mysql",
                            "name": "spaced-repetition-mysql",
                            "registry_id": "845335212729",
                            "repository_url": "845335212729.dkr.ecr.us-east-1.amazonaws.com/spaced-repetition-mysql"
                        },
                        "meta": {},
                        "tainted": false
                    },
                    "deposed": [],
                    "provider": "provider.aws"
                },
                "aws_ecr_repository.springBootECR": {
                    "type": "aws_ecr_repository",
                    "depends_on": [],
                    "primary": {
                        "id": "spaced-repetition-spring-boot",
                        "attributes": {
                            "arn": "arn:aws:ecr:us-east-1:845335212729:repository/spaced-repetition-spring-boot",
                            "id": "spaced-repetition-spring-boot",
                            "name": "spaced-repetition-spring-boot",
                            "registry_id": "845335212729",
                            "repository_url": "845335212729.dkr.ecr.us-east-1.amazonaws.com/spaced-repetition-spring-boot"
                        },
                        "meta": {},
                        "tainted": false
                    },
                    "deposed": [],
                    "provider": "provider.aws"
                },
                "aws_ecr_repository_policy.appECRPolicy": {
                    "type": "aws_ecr_repository_policy",
                    "depends_on": [
                        "aws_ecr_repository.springBootECR",
                        "data.template_file.ecrPolicy"
                    ],
                    "primary": {
                        "id": "spaced-repetition-spring-boot",
                        "attributes": {
                            "id": "spaced-repetition-spring-boot",
                            "policy": "{\n  \"Version\": \"2008-10-17\",\n  \"Statement\": [\n    {\n      \"Sid\": \"new policy\",\n      \"Effect\": \"Allow\",\n      \"Principal\": \"*\",\n      \"Action\": [\n        \"ecr:GetDownloadUrlForLayer\",\n        \"ecr:BatchGetImage\",\n        \"ecr:BatchCheckLayerAvailability\",\n        \"ecr:PutImage\",\n        \"ecr:InitiateLayerUpload\",\n        \"ecr:UploadLayerPart\",\n        \"ecr:CompleteLayerUpload\",\n        \"ecr:DescribeRepositories\",\n        \"ecr:GetRepositoryPolicy\",\n        \"ecr:ListImages\",\n        \"ecr:DeleteRepository\",\n        \"ecr:BatchDeleteImage\",\n        \"ecr:SetRepositoryPolicy\",\n        \"ecr:DeleteRepositoryPolicy\"\n      ]\n    }\n  ]\n}\n",
                            "registry_id": "845335212729",
                            "repository": "spaced-repetition-spring-boot"
                        },
                        "meta": {},
                        "tainted": false
                    },
                    "deposed": [],
                    "provider": "provider.aws"
                },
                "aws_ecr_repository_policy.appMysqlECRPolicy": {
                    "type": "aws_ecr_repository_policy",
                    "depends_on": [
                        "aws_ecr_repository.mysqlECR",
                        "data.template_file.ecrPolicy"
                    ],
                    "primary": {
                        "id": "spaced-repetition-mysql",
                        "attributes": {
                            "id": "spaced-repetition-mysql",
                            "policy": "{\n  \"Version\": \"2008-10-17\",\n  \"Statement\": [\n    {\n      \"Sid\": \"new policy\",\n      \"Effect\": \"Allow\",\n      \"Principal\": \"*\",\n      \"Action\": [\n        \"ecr:GetDownloadUrlForLayer\",\n        \"ecr:BatchGetImage\",\n        \"ecr:BatchCheckLayerAvailability\",\n        \"ecr:PutImage\",\n        \"ecr:InitiateLayerUpload\",\n        \"ecr:UploadLayerPart\",\n        \"ecr:CompleteLayerUpload\",\n        \"ecr:DescribeRepositories\",\n        \"ecr:GetRepositoryPolicy\",\n        \"ecr:ListImages\",\n        \"ecr:DeleteRepository\",\n        \"ecr:BatchDeleteImage\",\n        \"ecr:SetRepositoryPolicy\",\n        \"ecr:DeleteRepositoryPolicy\"\n      ]\n    }\n  ]\n}\n",
                            "registry_id": "845335212729",
                            "repository": "spaced-repetition-mysql"
                        },
                        "meta": {},
                        "tainted": false
                    },
                    "deposed": [],
                    "provider": "provider.aws"
                },
                "aws_ecs_cluster.appECSCluster": {
                    "type": "aws_ecs_cluster",
                    "depends_on": [],
                    "primary": {
                        "id": "arn:aws:ecs:us-east-1:845335212729:cluster/SpacedRepetition",
                        "attributes": {
                            "arn": "arn:aws:ecs:us-east-1:845335212729:cluster/SpacedRepetition",
                            "id": "arn:aws:ecs:us-east-1:845335212729:cluster/SpacedRepetition",
                            "name": "SpacedRepetition"
                        },
                        "meta": {},
                        "tainted": false
                    },
                    "deposed": [],
                    "provider": "provider.aws"
                },
                "aws_ecs_service.appECSService": {
                    "type": "aws_ecs_service",
                    "depends_on": [
                        "aws_ecs_cluster.appECSCluster",
                        "aws_ecs_task_definition.appECSTaskDefinition",
                        "aws_lb_listener.appHttpListener",
                        "aws_lb_listener.appHttpsListener",
                        "aws_lb_target_group.springBootContainer",
                        "aws_subnet.spacedRepetitionSubnet",
                        "aws_subnet.spacedRepetitionSubnet2"
                    ],
                    "primary": {
                        "id": "arn:aws:ecs:us-east-1:845335212729:service/SpacedRepetition",
                        "attributes": {
                            "cluster": "arn:aws:ecs:us-east-1:845335212729:cluster/SpacedRepetition",
                            "deployment_maximum_percent": "200",
                            "deployment_minimum_healthy_percent": "100",
                            "desired_count": "1",
                            "health_check_grace_period_seconds": "300",
                            "iam_role": "aws-service-role",
                            "id": "arn:aws:ecs:us-east-1:845335212729:service/SpacedRepetition",
                            "launch_type": "FARGATE",
                            "load_balancer.#": "1",
                            "load_balancer.450837172.container_name": "spaced-repetition-spring-boot",
                            "load_balancer.450837172.container_port": "8080",
                            "load_balancer.450837172.elb_name": "",
                            "load_balancer.450837172.target_group_arn": "arn:aws:elasticloadbalancing:us-east-1:845335212729:targetgroup/tf-20180524212250506200000002/aab71c8b5276294c",
                            "name": "SpacedRepetition",
                            "network_configuration.#": "1",
                            "network_configuration.0.assign_public_ip": "false",
                            "network_configuration.0.security_groups.#": "0",
                            "network_configuration.0.subnets.#": "2",
                            "network_configuration.0.subnets.2673991753": "subnet-6e5a9a40",
                            "network_configuration.0.subnets.3174581249": "subnet-25e7726f",
                            "ordered_placement_strategy.#": "0",
                            "placement_constraints.#": "0",
                            "service_registries.#": "0",
                            "task_definition": "arn:aws:ecs:us-east-1:845335212729:task-definition/SpacedRepetition:79"
                        },
                        "meta": {},
                        "tainted": false
                    },
                    "deposed": [],
                    "provider": "provider.aws"
                },
                "aws_ecs_task_definition.appECSTaskDefinition": {
                    "type": "aws_ecs_task_definition",
                    "depends_on": [
                        "aws_iam_role.executionRole",
                        "data.template_file.containers"
                    ],
                    "primary": {
                        "id": "SpacedRepetition",
                        "attributes": {
                            "arn": "arn:aws:ecs:us-east-1:845335212729:task-definition/SpacedRepetition:79",
                            "container_definitions": "[{\"cpu\":512,\"environment\":[],\"essential\":true,\"image\":\"845335212729.dkr.ecr.us-east-1.amazonaws.com/spaced-repetition-spring-boot\",\"memory\":1024,\"mountPoints\":[],\"name\":\"spaced-repetition-spring-boot\",\"portMappings\":[{\"containerPort\":8080,\"hostPort\":8080,\"protocol\":\"tcp\"}],\"volumesFrom\":[]},{\"cpu\":512,\"environment\":[],\"essential\":true,\"image\":\"845335212729.dkr.ecr.us-east-1.amazonaws.com/spaced-repetition-mysql\",\"memory\":1024,\"mountPoints\":[],\"name\":\"spaced-repetition-mysql\",\"portMappings\":[{\"containerPort\":3306,\"hostPort\":3306,\"protocol\":\"tcp\"}],\"volumesFrom\":[]}]",
                            "cpu": "1024",
                            "execution_role_arn": "arn:aws:iam::845335212729:role/ecsExecutionRole",
                            "family": "SpacedRepetition",
                            "id": "SpacedRepetition",
                            "memory": "2048",
                            "network_mode": "awsvpc",
                            "placement_constraints.#": "0",
                            "requires_compatibilities.#": "1",
                            "requires_compatibilities.3072437307": "FARGATE",
                            "revision": "79",
                            "task_role_arn": "",
                            "volume.#": "0"
                        },
                        "meta": {
                            "schema_version": "1"
                        },
                        "tainted": false
                    },
                    "deposed": [],
                    "provider": "provider.aws"
                },
                "aws_iam_policy.instanceRolePolicy": {
                    "type": "aws_iam_policy",
                    "depends_on": [
                        "data.template_file.iamInstanceRolePolicy"
                    ],
                    "primary": {
                        "id": "arn:aws:iam::845335212729:policy/ecsInstanceRole",
                        "attributes": {
                            "arn": "arn:aws:iam::845335212729:policy/ecsInstanceRole",
                            "description": "ECS instance role for ecsExecution",
                            "id": "arn:aws:iam::845335212729:policy/ecsInstanceRole",
                            "name": "ecsInstanceRole",
                            "path": "/",
                            "policy": "{\n    \"Version\": \"2012-10-17\",\n    \"Statement\": [\n        {\n            \"Effect\": \"Allow\",\n            \"Action\": [\n              \"ecr:*\",\n              \"iam:*\",\n              \"elasticloadbalancing:*\",\n              \"ecs:*\",\n              \"ec2:*\"\n            ],\n            \"Resource\": \"*\"\n        }\n    ]\n}\n"
                        },
                        "meta": {},
                        "tainted": false
                    },
                    "deposed": [],
                    "provider": "provider.aws"
                },
                "aws_iam_role.executionRole": {
                    "type": "aws_iam_role",
                    "depends_on": [
                        "data.template_file.iamHostRolePolicy"
                    ],
                    "primary": {
                        "id": "ecsExecutionRole",
                        "attributes": {
                            "arn": "arn:aws:iam::845335212729:role/ecsExecutionRole",
                            "assume_role_policy": "{\"Version\":\"2012-10-17\",\"Statement\":[{\"Effect\":\"Allow\",\"Principal\":{\"Service\":[\"ec2.amazonaws.com\",\"ecs.amazonaws.com\",\"ecs-tasks.amazonaws.com\",\"elasticloadbalancing.amazonaws.com\"]},\"Action\":\"sts:AssumeRole\"}]}",
                            "create_date": "2018-05-24T21:22:40Z",
                            "force_detach_policies": "false",
                            "id": "ecsExecutionRole",
                            "max_session_duration": "3600",
                            "name": "ecsExecutionRole",
                            "path": "/",
                            "unique_id": "AROAJBS7R4RISIDVTBG74"
                        },
                        "meta": {},
                        "tainted": false
                    },
                    "deposed": [],
                    "provider": "provider.aws"
                },
                "aws_iam_role_policy_attachment.attachInstanceRolePolicy": {
                    "type": "aws_iam_role_policy_attachment",
                    "depends_on": [
                        "aws_iam_policy.instanceRolePolicy",
                        "aws_iam_role.executionRole"
                    ],
                    "primary": {
                        "id": "ecsExecutionRole-20180524212241787200000001",
                        "attributes": {
                            "id": "ecsExecutionRole-20180524212241787200000001",
                            "policy_arn": "arn:aws:iam::845335212729:policy/ecsInstanceRole",
                            "role": "ecsExecutionRole"
                        },
                        "meta": {},
                        "tainted": false
                    },
                    "deposed": [],
                    "provider": "provider.aws"
                },
                "aws_internet_gateway.internetGateway": {
                    "type": "aws_internet_gateway",
                    "depends_on": [
                        "aws_vpc.spacedRepetition"
                    ],
                    "primary": {
                        "id": "igw-6d327415",
                        "attributes": {
                            "id": "igw-6d327415",
                            "tags.%": "1",
                            "tags.Name": "main",
                            "vpc_id": "vpc-f9407882"
                        },
                        "meta": {},
                        "tainted": false
                    },
                    "deposed": [],
                    "provider": "provider.aws"
                },
                "aws_lb.appLoadBalancer": {
                    "type": "aws_lb",
                    "depends_on": [
                        "aws_security_group.spacedRepetitionPublic",
                        "aws_subnet.spacedRepetitionSubnet",
                        "aws_subnet.spacedRepetitionSubnet2"
                    ],
                    "primary": {
                        "id": "arn:aws:elasticloadbalancing:us-east-1:845335212729:loadbalancer/app/SpacedRepetition/447b8bcfe38e1e3a",
                        "attributes": {
                            "access_logs.#": "0",
                            "arn": "arn:aws:elasticloadbalancing:us-east-1:845335212729:loadbalancer/app/SpacedRepetition/447b8bcfe38e1e3a",
                            "arn_suffix": "app/SpacedRepetition/447b8bcfe38e1e3a",
                            "dns_name": "SpacedRepetition-1424704267.us-east-1.elb.amazonaws.com",
                            "enable_deletion_protection": "false",
                            "enable_http2": "true",
                            "id": "arn:aws:elasticloadbalancing:us-east-1:845335212729:loadbalancer/app/SpacedRepetition/447b8bcfe38e1e3a",
                            "idle_timeout": "60",
                            "internal": "false",
                            "ip_address_type": "ipv4",
                            "load_balancer_type": "application",
                            "name": "SpacedRepetition",
                            "security_groups.#": "1",
                            "security_groups.1248930640": "sg-48ceb900",
                            "subnet_mapping.#": "0",
                            "subnets.#": "2",
                            "subnets.2673991753": "subnet-6e5a9a40",
                            "subnets.3174581249": "subnet-25e7726f",
                            "tags.%": "1",
                            "tags.Environment": "production",
                            "vpc_id": "vpc-f9407882",
                            "zone_id": "Z35SXDOTRQ7X7K"
                        },
                        "meta": {
                            "e2bfb730-ecaa-11e6-8f88-34363bc7c4c0": {
                                "create": 600000000000,
                                "delete": 600000000000,
                                "update": 600000000000
                            }
                        },
                        "tainted": false
                    },
                    "deposed": [],
                    "provider": "provider.aws"
                },
                "aws_lb_listener.appHttpListener": {
                    "type": "aws_lb_listener",
                    "depends_on": [
                        "aws_lb.appLoadBalancer",
                        "aws_lb_target_group.springBootContainer"
                    ],
                    "primary": {
                        "id": "arn:aws:elasticloadbalancing:us-east-1:845335212729:listener/app/SpacedRepetition/447b8bcfe38e1e3a/320c2da5bcf3699f",
                        "attributes": {
                            "arn": "arn:aws:elasticloadbalancing:us-east-1:845335212729:listener/app/SpacedRepetition/447b8bcfe38e1e3a/320c2da5bcf3699f",
                            "default_action.#": "1",
                            "default_action.0.target_group_arn": "arn:aws:elasticloadbalancing:us-east-1:845335212729:targetgroup/tf-20180524212250506200000002/aab71c8b5276294c",
                            "default_action.0.type": "forward",
                            "id": "arn:aws:elasticloadbalancing:us-east-1:845335212729:listener/app/SpacedRepetition/447b8bcfe38e1e3a/320c2da5bcf3699f",
                            "load_balancer_arn": "arn:aws:elasticloadbalancing:us-east-1:845335212729:loadbalancer/app/SpacedRepetition/447b8bcfe38e1e3a",
                            "port": "80",
                            "protocol": "HTTP",
                            "ssl_policy": ""
                        },
                        "meta": {},
                        "tainted": false
                    },
                    "deposed": [],
                    "provider": "provider.aws"
                },
                "aws_lb_listener.appHttpsListener": {
                    "type": "aws_lb_listener",
                    "depends_on": [
                        "aws_acm_certificate_validation.certificateValidation",
                        "aws_lb.appLoadBalancer",
                        "aws_lb_target_group.springBootContainer"
                    ],
                    "primary": {
                        "id": "arn:aws:elasticloadbalancing:us-east-1:845335212729:listener/app/SpacedRepetition/447b8bcfe38e1e3a/b83cbe7a5778d905",
                        "attributes": {
                            "arn": "arn:aws:elasticloadbalancing:us-east-1:845335212729:listener/app/SpacedRepetition/447b8bcfe38e1e3a/b83cbe7a5778d905",
                            "certificate_arn": "arn:aws:acm:us-east-1:845335212729:certificate/035bb39e-ef95-466a-b53e-b45a8d1796e6",
                            "default_action.#": "1",
                            "default_action.0.target_group_arn": "arn:aws:elasticloadbalancing:us-east-1:845335212729:targetgroup/tf-20180524212250506200000002/aab71c8b5276294c",
                            "default_action.0.type": "forward",
                            "id": "arn:aws:elasticloadbalancing:us-east-1:845335212729:listener/app/SpacedRepetition/447b8bcfe38e1e3a/b83cbe7a5778d905",
                            "load_balancer_arn": "arn:aws:elasticloadbalancing:us-east-1:845335212729:loadbalancer/app/SpacedRepetition/447b8bcfe38e1e3a",
                            "port": "443",
                            "protocol": "HTTPS",
                            "ssl_policy": "ELBSecurityPolicy-2015-05"
                        },
                        "meta": {},
                        "tainted": false
                    },
                    "deposed": [],
                    "provider": "provider.aws"
                },
                "aws_lb_target_group.springBootContainer": {
                    "type": "aws_lb_target_group",
                    "depends_on": [
                        "aws_vpc.spacedRepetition"
                    ],
                    "primary": {
                        "id": "arn:aws:elasticloadbalancing:us-east-1:845335212729:targetgroup/tf-20180524212250506200000002/aab71c8b5276294c",
                        "attributes": {
                            "arn": "arn:aws:elasticloadbalancing:us-east-1:845335212729:targetgroup/tf-20180524212250506200000002/aab71c8b5276294c",
                            "arn_suffix": "targetgroup/tf-20180524212250506200000002/aab71c8b5276294c",
                            "deregistration_delay": "300",
                            "health_check.#": "1",
                            "health_check.0.healthy_threshold": "5",
                            "health_check.0.interval": "30",
                            "health_check.0.matcher": "200",
                            "health_check.0.path": "/",
                            "health_check.0.port": "traffic-port",
                            "health_check.0.protocol": "HTTP",
                            "health_check.0.timeout": "5",
                            "health_check.0.unhealthy_threshold": "2",
                            "id": "arn:aws:elasticloadbalancing:us-east-1:845335212729:targetgroup/tf-20180524212250506200000002/aab71c8b5276294c",
                            "name": "tf-20180524212250506200000002",
                            "port": "8080",
                            "protocol": "HTTP",
                            "proxy_protocol_v2": "false",
                            "stickiness.#": "1",
                            "stickiness.0.cookie_duration": "86400",
                            "stickiness.0.enabled": "false",
                            "stickiness.0.type": "lb_cookie",
                            "tags.%": "0",
                            "target_type": "ip",
                            "vpc_id": "vpc-f9407882"
                        },
                        "meta": {},
                        "tainted": false
                    },
                    "deposed": [],
                    "provider": "provider.aws"
                },
                "aws_route53_record.certificateRoute53Validation": {
                    "type": "aws_route53_record",
                    "depends_on": [
                        "aws_acm_certificate.appCert",
                        "aws_route53_zone.appPublicZone"
                    ],
                    "primary": {
                        "id": "Z39NH5ZJPWCWJL__b0a408a4459170ab3e722373d6b2c5e2.spaced-repetition.raidrin.com._CNAME",
                        "attributes": {
                            "allow_overwrite": "true",
                            "fqdn": "_b0a408a4459170ab3e722373d6b2c5e2.spaced-repetition.raidrin.com",
                            "health_check_id": "",
                            "id": "Z39NH5ZJPWCWJL__b0a408a4459170ab3e722373d6b2c5e2.spaced-repetition.raidrin.com._CNAME",
                            "name": "_b0a408a4459170ab3e722373d6b2c5e2.spaced-repetition.raidrin.com",
                            "records.#": "1",
                            "records.1067807430": "_137f85463b397b9485618d08c81da4d9.acm-validations.aws.",
                            "set_identifier": "",
                            "ttl": "60",
                            "type": "CNAME",
                            "zone_id": "Z39NH5ZJPWCWJL"
                        },
                        "meta": {
                            "schema_version": "2"
                        },
                        "tainted": false
                    },
                    "deposed": [],
                    "provider": "provider.aws"
                },
                "aws_route53_zone.appPublicZone": {
                    "type": "aws_route53_zone",
                    "depends_on": [],
                    "primary": {
                        "id": "Z39NH5ZJPWCWJL",
                        "attributes": {
                            "comment": "Managed by Terraform",
                            "force_destroy": "false",
                            "id": "Z39NH5ZJPWCWJL",
                            "name": "spaced-repetition.raidrin.com",
                            "name_servers.#": "4",
                            "name_servers.0": "ns-1143.awsdns-14.org",
                            "name_servers.1": "ns-1556.awsdns-02.co.uk",
                            "name_servers.2": "ns-68.awsdns-08.com",
                            "name_servers.3": "ns-900.awsdns-48.net",
                            "tags.%": "0",
                            "zone_id": "Z39NH5ZJPWCWJL"
                        },
                        "meta": {},
                        "tainted": false
                    },
                    "deposed": [],
                    "provider": "provider.aws"
                },
                "aws_security_group.spacedRepetitionPublic": {
                    "type": "aws_security_group",
                    "depends_on": [
                        "aws_vpc.spacedRepetition"
                    ],
                    "primary": {
                        "id": "sg-48ceb900",
                        "attributes": {
                            "arn": "arn:aws:ec2:us-east-1:845335212729:security-group/sg-48ceb900",
                            "description": "Allow inbound traffic",
                            "egress.#": "1",
                            "egress.482069346.cidr_blocks.#": "1",
                            "egress.482069346.cidr_blocks.0": "0.0.0.0/0",
                            "egress.482069346.description": "",
                            "egress.482069346.from_port": "0",
                            "egress.482069346.ipv6_cidr_blocks.#": "0",
                            "egress.482069346.prefix_list_ids.#": "0",
                            "egress.482069346.protocol": "-1",
                            "egress.482069346.security_groups.#": "0",
                            "egress.482069346.self": "false",
                            "egress.482069346.to_port": "0",
                            "id": "sg-48ceb900",
                            "ingress.#": "1",
                            "ingress.482069346.cidr_blocks.#": "1",
                            "ingress.482069346.cidr_blocks.0": "0.0.0.0/0",
                            "ingress.482069346.description": "",
                            "ingress.482069346.from_port": "0",
                            "ingress.482069346.ipv6_cidr_blocks.#": "0",
                            "ingress.482069346.protocol": "-1",
                            "ingress.482069346.security_groups.#": "0",
                            "ingress.482069346.self": "false",
                            "ingress.482069346.to_port": "0",
                            "name": "Public",
                            "owner_id": "845335212729",
                            "revoke_rules_on_delete": "false",
                            "tags.%": "1",
                            "tags.Name": "Public Security Group",
                            "vpc_id": "vpc-f9407882"
                        },
                        "meta": {
                            "e2bfb730-ecaa-11e6-8f88-34363bc7c4c0": {
                                "create": 600000000000,
                                "delete": 600000000000
                            },
                            "schema_version": "1"
                        },
                        "tainted": false
                    },
                    "deposed": [],
                    "provider": "provider.aws"
                },
                "aws_subnet.spacedRepetitionSubnet": {
                    "type": "aws_subnet",
                    "depends_on": [
                        "aws_vpc.spacedRepetition"
                    ],
                    "primary": {
                        "id": "subnet-6e5a9a40",
                        "attributes": {
                            "assign_ipv6_address_on_creation": "false",
                            "availability_zone": "us-east-1a",
                            "cidr_block": "10.0.1.0/24",
                            "id": "subnet-6e5a9a40",
                            "map_public_ip_on_launch": "false",
                            "tags.%": "1",
                            "tags.Name": "Public Subnet",
                            "vpc_id": "vpc-f9407882"
                        },
                        "meta": {
                            "schema_version": "1"
                        },
                        "tainted": false
                    },
                    "deposed": [],
                    "provider": "provider.aws"
                },
                "aws_subnet.spacedRepetitionSubnet2": {
                    "type": "aws_subnet",
                    "depends_on": [
                        "aws_vpc.spacedRepetition"
                    ],
                    "primary": {
                        "id": "subnet-25e7726f",
                        "attributes": {
                            "assign_ipv6_address_on_creation": "false",
                            "availability_zone": "us-east-1b",
                            "cidr_block": "10.0.2.0/24",
                            "id": "subnet-25e7726f",
                            "map_public_ip_on_launch": "false",
                            "tags.%": "1",
                            "tags.Name": "Public Subnet 2",
                            "vpc_id": "vpc-f9407882"
                        },
                        "meta": {
                            "schema_version": "1"
                        },
                        "tainted": false
                    },
                    "deposed": [],
                    "provider": "provider.aws"
                },
                "aws_vpc.spacedRepetition": {
                    "type": "aws_vpc",
                    "depends_on": [],
                    "primary": {
                        "id": "vpc-f9407882",
                        "attributes": {
                            "assign_generated_ipv6_cidr_block": "false",
                            "cidr_block": "10.0.0.0/16",
                            "default_network_acl_id": "acl-eb29b091",
                            "default_route_table_id": "rtb-a556b8da",
                            "default_security_group_id": "sg-cecbbc86",
                            "dhcp_options_id": "dopt-c3cc4ea7",
                            "enable_classiclink": "false",
                            "enable_classiclink_dns_support": "false",
                            "enable_dns_hostnames": "false",
                            "enable_dns_support": "true",
                            "id": "vpc-f9407882",
                            "instance_tenancy": "default",
                            "main_route_table_id": "rtb-a556b8da",
                            "tags.%": "1",
                            "tags.Name": "Spaced Repetition"
                        },
                        "meta": {
                            "schema_version": "1"
                        },
                        "tainted": false
                    },
                    "deposed": [],
                    "provider": "provider.aws"
                },
                "data.template_file.containers": {
                    "type": "template_file",
                    "depends_on": [
                        "aws_ecr_repository.mysqlECR",
                        "aws_ecr_repository.springBootECR"
                    ],
                    "primary": {
                        "id": "43af666e8f36ce2f894accbcb1963965e86f108280d257e2c71a0a69b1f0cf9f",
                        "attributes": {
                            "id": "43af666e8f36ce2f894accbcb1963965e86f108280d257e2c71a0a69b1f0cf9f",
                            "rendered": "[\n  {\n    \"name\": \"spaced-repetition-spring-boot\",\n    \"image\": \"845335212729.dkr.ecr.us-east-1.amazonaws.com/spaced-repetition-spring-boot\",\n    \"cpu\" : 512,\n    \"memory\" : 1024,\n    \"essential\": true,\n    \"networkMode\": \"awsvpc\",\n    \"requires_compatibilities\": [\"FARGATE\"],\n    \"portMappings\": [\n      {\n        \"containerPort\": 8080\n      }\n    ]\n  },\n  {\n    \"name\": \"spaced-repetition-mysql\",\n    \"image\": \"845335212729.dkr.ecr.us-east-1.amazonaws.com/spaced-repetition-mysql\",\n    \"cpu\" : 512,\n    \"memory\" : 1024,\n    \"essential\": true,\n    \"networkMode\": \"awsvpc\",\n    \"requires_compatibilities\": [\"FARGATE\"],\n    \"portMappings\": [\n      {\n        \"containerPort\": 3306\n      }\n    ]\n  }\n]\n",
                            "template": "[\n  {\n    \"name\": \"${repositoryName}-spring-boot\",\n    \"image\": \"${springBootECR}\",\n    \"cpu\" : 512,\n    \"memory\" : 1024,\n    \"essential\": true,\n    \"networkMode\": \"awsvpc\",\n    \"requires_compatibilities\": [\"FARGATE\"],\n    \"portMappings\": [\n      {\n        \"containerPort\": 8080\n      }\n    ]\n  },\n  {\n    \"name\": \"${repositoryName}-mysql\",\n    \"image\": \"${springBootMysqlECR}\",\n    \"cpu\" : 512,\n    \"memory\" : 1024,\n    \"essential\": true,\n    \"networkMode\": \"awsvpc\",\n    \"requires_compatibilities\": [\"FARGATE\"],\n    \"portMappings\": [\n      {\n        \"containerPort\": 3306\n      }\n    ]\n  }\n]\n",
                            "vars.%": "3",
                            "vars.repositoryName": "spaced-repetition",
                            "vars.springBootECR": "845335212729.dkr.ecr.us-east-1.amazonaws.com/spaced-repetition-spring-boot",
                            "vars.springBootMysqlECR": "845335212729.dkr.ecr.us-east-1.amazonaws.com/spaced-repetition-mysql"
                        },
                        "meta": {},
                        "tainted": false
                    },
                    "deposed": [],
                    "provider": "provider.template"
                },
                "data.template_file.ecrPolicy": {
                    "type": "template_file",
                    "depends_on": [],
                    "primary": {
                        "id": "ee375b13a5fbf6eb29f43afe5329e4ba59b17d50d14c0d786617af6210b50d7b",
                        "attributes": {
                            "id": "ee375b13a5fbf6eb29f43afe5329e4ba59b17d50d14c0d786617af6210b50d7b",
                            "rendered": "{\n  \"Version\": \"2008-10-17\",\n  \"Statement\": [\n    {\n      \"Sid\": \"new policy\",\n      \"Effect\": \"Allow\",\n      \"Principal\": \"*\",\n      \"Action\": [\n        \"ecr:GetDownloadUrlForLayer\",\n        \"ecr:BatchGetImage\",\n        \"ecr:BatchCheckLayerAvailability\",\n        \"ecr:PutImage\",\n        \"ecr:InitiateLayerUpload\",\n        \"ecr:UploadLayerPart\",\n        \"ecr:CompleteLayerUpload\",\n        \"ecr:DescribeRepositories\",\n        \"ecr:GetRepositoryPolicy\",\n        \"ecr:ListImages\",\n        \"ecr:DeleteRepository\",\n        \"ecr:BatchDeleteImage\",\n        \"ecr:SetRepositoryPolicy\",\n        \"ecr:DeleteRepositoryPolicy\"\n      ]\n    }\n  ]\n}\n",
                            "template": "{\n  \"Version\": \"2008-10-17\",\n  \"Statement\": [\n    {\n      \"Sid\": \"new policy\",\n      \"Effect\": \"Allow\",\n      \"Principal\": \"*\",\n      \"Action\": [\n        \"ecr:GetDownloadUrlForLayer\",\n        \"ecr:BatchGetImage\",\n        \"ecr:BatchCheckLayerAvailability\",\n        \"ecr:PutImage\",\n        \"ecr:InitiateLayerUpload\",\n        \"ecr:UploadLayerPart\",\n        \"ecr:CompleteLayerUpload\",\n        \"ecr:DescribeRepositories\",\n        \"ecr:GetRepositoryPolicy\",\n        \"ecr:ListImages\",\n        \"ecr:DeleteRepository\",\n        \"ecr:BatchDeleteImage\",\n        \"ecr:SetRepositoryPolicy\",\n        \"ecr:DeleteRepositoryPolicy\"\n      ]\n    }\n  ]\n}\n"
                        },
                        "meta": {},
                        "tainted": false
                    },
                    "deposed": [],
                    "provider": "provider.template"
                },
                "data.template_file.iamHostRolePolicy": {
                    "type": "template_file",
                    "depends_on": [],
                    "primary": {
                        "id": "a366f5919213b57335c594e5ccd2a007830bd8ebbe0a719f73148688481f49ca",
                        "attributes": {
                            "id": "a366f5919213b57335c594e5ccd2a007830bd8ebbe0a719f73148688481f49ca",
                            "rendered": "{\n  \"Version\": \"2012-10-17\",\n  \"Statement\": [\n    {\n      \"Effect\": \"Allow\",\n      \"Principal\": {\n        \"Service\": [\n          \"ecs.amazonaws.com\",\n          \"ec2.amazonaws.com\",\n          \"elasticloadbalancing.amazonaws.com\",\n          \"ecs-tasks.amazonaws.com\"\n        ]\n      },\n      \"Action\": \"sts:AssumeRole\"\n    }\n  ]\n}\n",
                            "template": "{\n  \"Version\": \"2012-10-17\",\n  \"Statement\": [\n    {\n      \"Effect\": \"Allow\",\n      \"Principal\": {\n        \"Service\": [\n          \"ecs.amazonaws.com\",\n          \"ec2.amazonaws.com\",\n          \"elasticloadbalancing.amazonaws.com\",\n          \"ecs-tasks.amazonaws.com\"\n        ]\n      },\n      \"Action\": \"sts:AssumeRole\"\n    }\n  ]\n}\n"
                        },
                        "meta": {},
                        "tainted": false
                    },
                    "deposed": [],
                    "provider": "provider.template"
                },
                "data.template_file.iamInstanceRolePolicy": {
                    "type": "template_file",
                    "depends_on": [],
                    "primary": {
                        "id": "481547acc97d22cdef79cfea5cfa62dc2b67f10b02c29af7e66bfe1f5f41ed58",
                        "attributes": {
                            "id": "481547acc97d22cdef79cfea5cfa62dc2b67f10b02c29af7e66bfe1f5f41ed58",
                            "rendered": "{\n    \"Version\": \"2012-10-17\",\n    \"Statement\": [\n        {\n            \"Effect\": \"Allow\",\n            \"Action\": [\n              \"ecr:*\",\n              \"iam:*\",\n              \"elasticloadbalancing:*\",\n              \"ecs:*\",\n              \"ec2:*\"\n            ],\n            \"Resource\": \"*\"\n        }\n    ]\n}\n",
                            "template": "{\n    \"Version\": \"2012-10-17\",\n    \"Statement\": [\n        {\n            \"Effect\": \"Allow\",\n            \"Action\": [\n              \"ecr:*\",\n              \"iam:*\",\n              \"elasticloadbalancing:*\",\n              \"ecs:*\",\n              \"ec2:*\"\n            ],\n            \"Resource\": \"*\"\n        }\n    ]\n}\n"
                        },
                        "meta": {},
                        "tainted": false
                    },
                    "deposed": [],
                    "provider": "provider.template"
                }
            },
            "depends_on": []
        }
    ]
}
